
Microsoft Visual Studio Solution File, Format Version 12.00
# Visual Studio Version 17
VisualStudioVersion = 17.11.35327.3
MinimumVisualStudioVersion = 10.0.40219.1
Project("{FAE04EC0-301F-11D3-BF4B-00C04F79EFBC}") = "Bastu", "Bastu\Bastu.csproj", "{0F330F40-9437-4451-B5DC-73FDC2E4C112}"
EndProject
Global
	GlobalSection(SolutionConfigurationPlatforms) = preSolution
		Debug|Any CPU = Debug|Any CPU
		Release|Any CPU = Release|Any CPU
	EndGlobalSection
	GlobalSection(ProjectConfigurationPlatforms) = postSolution
		{0F330F40-9437-4451-B5DC-73FDC2E4C112}.Debug|Any CPU.ActiveCfg = Debug|Any CPU
		{0F330F40-9437-4451-B5DC-73FDC2E4C112}.Debug|Any CPU.Build.0 = Debug|Any CPU
		{0F330F40-9437-4451-B5DC-73FDC2E4C112}.Release|Any CPU.ActiveCfg = Release|Any CPU
		{0F330F40-9437-4451-B5DC-73FDC2E4C112}.Release|Any CPU.Build.0 = Release|Any CPU
	EndGlobalSection
	GlobalSection(SolutionProperties) = preSolution
		HideSolutionNode = FALSE
	EndGlobalSection
	GlobalSection(ExtensibilityGlobals) = postSolution
		SolutionGuid = {F1F8A111-4AB9-4756-B197-04090BDEC5DE}
	EndGlobalSection
EndGlobal
